
Microsoft Visual Studio Solution File, Format Version 12.00
# Visual Studio Version 16
VisualStudioVersion = 16.0.32002.261
MinimumVisualStudioVersion = 10.0.40219.1
Project("{FAE04EC0-301F-11D3-BF4B-00C04F79EFBC}") = "DataGridViewLib", "DataGridViewLib\DataGridViewLib.csproj", "{8EC6D2DF-F53C-493F-9870-2089FD7F0225}"
EndProject
Project("{F184B08F-C81C-45F6-A57F-5ABD9991F28F}") = "WindowsApplication1", "WindowsApplication1\WindowsApplication1.vbproj", "{FC5F1C53-3BC9-4B1F-8E62-2452FB822580}"
EndProject
Project("{2150E333-8FDC-42A3-9474-1A3956D46DE8}") = "Solution Items", "Solution Items", "{DFB68DF5-02E5-4B73-A7A5-C0843D20E513}"
	ProjectSection(SolutionItems) = preProject
		readme.md = readme.md
	EndProjectSection
EndProject
Global
	GlobalSection(SolutionConfigurationPlatforms) = preSolution
		Debug|Any CPU = Debug|Any CPU
		Release|Any CPU = Release|Any CPU
	EndGlobalSection
	GlobalSection(ProjectConfigurationPlatforms) = postSolution
		{8EC6D2DF-F53C-493F-9870-2089FD7F0225}.Debug|Any CPU.ActiveCfg = Debug|Any CPU
		{8EC6D2DF-F53C-493F-9870-2089FD7F0225}.Debug|Any CPU.Build.0 = Debug|Any CPU
		{8EC6D2DF-F53C-493F-9870-2089FD7F0225}.Release|Any CPU.ActiveCfg = Release|Any CPU
		{8EC6D2DF-F53C-493F-9870-2089FD7F0225}.Release|Any CPU.Build.0 = Release|Any CPU
		{FC5F1C53-3BC9-4B1F-8E62-2452FB822580}.Debug|Any CPU.ActiveCfg = Debug|Any CPU
		{FC5F1C53-3BC9-4B1F-8E62-2452FB822580}.Debug|Any CPU.Build.0 = Debug|Any CPU
		{FC5F1C53-3BC9-4B1F-8E62-2452FB822580}.Release|Any CPU.ActiveCfg = Release|Any CPU
		{FC5F1C53-3BC9-4B1F-8E62-2452FB822580}.Release|Any CPU.Build.0 = Release|Any CPU
	EndGlobalSection
	GlobalSection(SolutionProperties) = preSolution
		HideSolutionNode = FALSE
	EndGlobalSection
	GlobalSection(ExtensibilityGlobals) = postSolution
		SolutionGuid = {D35DBFDB-FA3C-4F49-AAB6-B57B5FA13176}
	EndGlobalSection
EndGlobal
